
Microsoft Visual Studio Solution File, Format Version 12.00
# Visual Studio Version 17
VisualStudioVersion = 17.5.33516.290
MinimumVisualStudioVersion = 10.0.40219.1
Project("{FAE04EC0-301F-11D3-BF4B-00C04F79EFBC}") = "CatolicoCantorAPI", "CatolicoCantorAPI.csproj", "{A3429A08-D997-40DE-9BA2-75D2A90ACB6B}"
EndProject
Global
	GlobalSection(SolutionConfigurationPlatforms) = preSolution
		Debug|Any CPU = Debug|Any CPU
		Release|Any CPU = Release|Any CPU
	EndGlobalSection
	GlobalSection(ProjectConfigurationPlatforms) = postSolution
		{A3429A08-D997-40DE-9BA2-75D2A90ACB6B}.Debug|Any CPU.ActiveCfg = Debug|Any CPU
		{A3429A08-D997-40DE-9BA2-75D2A90ACB6B}.Debug|Any CPU.Build.0 = Debug|Any CPU
		{A3429A08-D997-40DE-9BA2-75D2A90ACB6B}.Release|Any CPU.ActiveCfg = Release|Any CPU
		{A3429A08-D997-40DE-9BA2-75D2A90ACB6B}.Release|Any CPU.Build.0 = Release|Any CPU
	EndGlobalSection
	GlobalSection(SolutionProperties) = preSolution
		HideSolutionNode = FALSE
	EndGlobalSection
	GlobalSection(ExtensibilityGlobals) = postSolution
		SolutionGuid = {6A31BE60-71D8-4891-8903-3FBA89F090C7}
	EndGlobalSection
EndGlobal
